
Microsoft Visual Studio Solution File, Format Version 12.00
# Visual Studio Version 17
VisualStudioVersion = 17.5.33502.453
MinimumVisualStudioVersion = 10.0.40219.1
Project("{FAE04EC0-301F-11D3-BF4B-00C04F79EFBC}") = "14KE Selenium", "14KE Selenium\14KE Selenium.csproj", "{5D56A3F4-F4FC-4F74-AE96-FB33E795D584}"
EndProject
Global
	GlobalSection(SolutionConfigurationPlatforms) = preSolution
		Debug|Any CPU = Debug|Any CPU
		Release|Any CPU = Release|Any CPU
	EndGlobalSection
	GlobalSection(ProjectConfigurationPlatforms) = postSolution
		{5D56A3F4-F4FC-4F74-AE96-FB33E795D584}.Debug|Any CPU.ActiveCfg = Debug|Any CPU
		{5D56A3F4-F4FC-4F74-AE96-FB33E795D584}.Debug|Any CPU.Build.0 = Debug|Any CPU
		{5D56A3F4-F4FC-4F74-AE96-FB33E795D584}.Release|Any CPU.ActiveCfg = Release|Any CPU
		{5D56A3F4-F4FC-4F74-AE96-FB33E795D584}.Release|Any CPU.Build.0 = Release|Any CPU
	EndGlobalSection
	GlobalSection(SolutionProperties) = preSolution
		HideSolutionNode = FALSE
	EndGlobalSection
	GlobalSection(ExtensibilityGlobals) = postSolution
		SolutionGuid = {E6D33643-0FA2-4577-B1BC-E5DD2CA936A5}
	EndGlobalSection
EndGlobal
